{
  "R": {
    "Version": "4.2.2",
    "Repositories": [
      {
        "Name": "carpentries",
        "URL": "https://carpentries.r-universe.dev"
      },
      {
        "Name": "carpentries_archive",
        "URL": "https://carpentries.github.io/drat"
      },
      {
        "Name": "CRAN",
        "URL": "https://cran.rstudio.com"
      }
    ]
  },
  "Packages": {
    "renv": {
      "Package": "renv",
      "Version": "0.17.2",
      "Source": "Repository",
      "Repository": "CRAN",
      "Requirements": [
        "utils"
      ],
      "Hash": "aaf3c7f769695266a2113db67a25148b"
    }
  }
}
